{"format_version":"1.1","terraform_version":"1.4.6","planned_values":{"root_module":{"resources":[{"address":"aws_iam_role.iam_for_lambda","mode":"managed","type":"aws_iam_role","name":"iam_for_lambda","provider_name":"registry.terraform.io/hashicorp/aws","schema_version":0,"values":{"assume_role_policy":"{\"Statement\":[{\"Action\":\"sts:AssumeRole\",\"Effect\":\"Allow\",\"Principal\":{\"Service\":\"lambda.amazonaws.com\"},\"Sid\":\"\"}],\"Version\":\"2012-10-17\"}","description":null,"force_detach_policies":false,"max_session_duration":3600,"name":"iam_for_lambda","path":"/","permissions_boundary":null,"tags":null},"sensitive_values":{"inline_policy":[],"managed_policy_arns":[],"tags_all":{}}},{"address":"aws_lambda_function.remote_lambda_code","mode":"managed","type":"aws_lambda_function","name":"remote_lambda_code","provider_name":"registry.terraform.io/hashicorp/aws","schema_version":0,"values":{"code_signing_config_arn":null,"dead_letter_config":[],"description":null,"environment":[],"file_system_config":[],"filename":null,"function_name":"s3_remote_lambda_function","handler":"app.lambda_handler","image_config":[],"image_uri":null,"kms_key_arn":null,"layers":null,"memory_size":128,"package_type":"Zip","publish":false,"reserved_concurrent_executions":-1,"runtime":"python3.9","s3_bucket":"lambda_code_bucket","s3_key":"remote_lambda_code_key","s3_object_version":null,"snap_start":[],"tags":null,"timeout":300,"timeouts":null,"vpc_config":[]},"sensitive_values":{"architectures":[],"dead_letter_config":[],"environment":[],"ephemeral_storage":[],"file_system_config":[],"image_config":[],"snap_start":[],"tags_all":{},"tracing_config":[],"vpc_config":[]}},{"address":"aws_lambda_function.root_lambda","mode":"managed","type":"aws_lambda_function","name":"root_lambda","provider_name":"registry.terraform.io/hashicorp/aws","schema_version":0,"values":{"code_signing_config_arn":null,"dead_letter_config":[],"description":null,"environment":[],"file_system_config":[],"filename":"HelloWorldFunction.zip","function_name":"root_lambda","handler":"app.lambda_handler","image_config":[],"image_uri":null,"kms_key_arn":null,"layers":null,"memory_size":128,"package_type":"Zip","publish":false,"reserved_concurrent_executions":-1,"runtime":"python3.9","s3_bucket":null,"s3_key":null,"s3_object_version":null,"snap_start":[],"tags":null,"timeout":300,"timeouts":null,"vpc_config":[]},"sensitive_values":{"architectures":[],"dead_letter_config":[],"environment":[],"ephemeral_storage":[],"file_system_config":[],"image_config":[],"snap_start":[],"tags_all":{},"tracing_config":[],"vpc_config":[]}},{"address":"aws_lambda_function.s3_lambda","mode":"managed","type":"aws_lambda_function","name":"s3_lambda","provider_name":"registry.terraform.io/hashicorp/aws","schema_version":0,"values":{"code_signing_config_arn":null,"dead_letter_config":[],"description":null,"environment":[],"file_system_config":[],"filename":null,"function_name":"s3_lambda_function","handler":"app.lambda_handler","image_config":[],"image_uri":null,"kms_key_arn":null,"layers":null,"memory_size":128,"package_type":"Zip","publish":false,"reserved_concurrent_executions":-1,"runtime":"python3.9","s3_bucket":"lambda_code_bucket","s3_key":"s3_lambda_code_key","s3_object_version":null,"snap_start":[],"tags":null,"timeout":500,"timeouts":null,"vpc_config":[]},"sensitive_values":{"architectures":[],"dead_letter_config":[],"environment":[],"ephemeral_storage":[],"file_system_config":[],"image_config":[],"snap_start":[],"tags_all":{},"tracing_config":[],"vpc_config":[]}},{"address":"aws_s3_bucket.lambda_code_bucket","mode":"managed","type":"aws_s3_bucket","name":"lambda_code_bucket","provider_name":"registry.terraform.io/hashicorp/aws","schema_version":0,"values":{"bucket":"lambda_code_bucket","bucket_prefix":null,"force_destroy":false,"tags":null,"timeouts":null},"sensitive_values":{"cors_rule":[],"grant":[],"lifecycle_rule":[],"logging":[],"object_lock_configuration":[],"replication_configuration":[],"server_side_encryption_configuration":[],"tags_all":{},"versioning":[],"website":[]}},{"address":"aws_s3_object.s3_lambda_code","mode":"managed","type":"aws_s3_object","name":"s3_lambda_code","provider_name":"registry.terraform.io/hashicorp/aws","schema_version":0,"values":{"acl":"private","bucket":"lambda_code_bucket","cache_control":null,"content":null,"content_base64":null,"content_disposition":null,"content_encoding":null,"content_language":null,"force_destroy":false,"key":"s3_lambda_code_key","metadata":null,"object_lock_legal_hold_status":null,"object_lock_mode":null,"object_lock_retain_until_date":null,"source":"HelloWorldFunction.zip","source_hash":null,"tags":null,"website_redirect":null},"sensitive_values":{"tags_all":{}}}],"child_modules":[{"resources":[{"address":"module.level1_lambda.aws_iam_role.iam_for_lambda","mode":"managed","type":"aws_iam_role","name":"iam_for_lambda","provider_name":"registry.terraform.io/hashicorp/aws","schema_version":0,"values":{"assume_role_policy":"{\"Statement\":[{\"Action\":\"sts:AssumeRole\",\"Effect\":\"Allow\",\"Principal\":{\"Service\":\"lambda.amazonaws.com\"},\"Sid\":\"\"}],\"Version\":\"2012-10-17\"}","description":null,"force_detach_policies":false,"max_session_duration":3600,"name":"iam_for_lambda","path":"/","permissions_boundary":null,"tags":null},"sensitive_values":{"inline_policy":[],"managed_policy_arns":[],"tags_all":{}}},{"address":"module.level1_lambda.aws_lambda_function.this","mode":"managed","type":"aws_lambda_function","name":"this","provider_name":"registry.terraform.io/hashicorp/aws","schema_version":0,"values":{"code_signing_config_arn":null,"dead_letter_config":[],"description":null,"environment":[],"file_system_config":[],"filename":"HelloWorldFunction.zip","function_name":"level1_lambda_function","handler":"app.lambda_handler","image_config":[],"image_uri":null,"kms_key_arn":null,"layers":null,"memory_size":128,"package_type":"Zip","publish":false,"reserved_concurrent_executions":-1,"runtime":"python3.9","s3_bucket":null,"s3_key":null,"s3_object_version":null,"snap_start":[],"tags":null,"timeout":300,"timeouts":null,"vpc_config":[]},"sensitive_values":{"architectures":[],"dead_letter_config":[],"environment":[],"ephemeral_storage":[],"file_system_config":[],"image_config":[],"snap_start":[],"tags_all":{},"tracing_config":[],"vpc_config":[]}}],"address":"module.level1_lambda","child_modules":[{"resources":[{"address":"module.level1_lambda.module.level2_lambda.aws_iam_role.iam_for_lambda","mode":"managed","type":"aws_iam_role","name":"iam_for_lambda","provider_name":"registry.terraform.io/hashicorp/aws","schema_version":0,"values":{"assume_role_policy":"{\"Statement\":[{\"Action\":\"sts:AssumeRole\",\"Effect\":\"Allow\",\"Principal\":{\"Service\":\"lambda.amazonaws.com\"},\"Sid\":\"\"}],\"Version\":\"2012-10-17\"}","description":null,"force_detach_policies":false,"max_session_duration":3600,"name":"iam_for_lambda","path":"/","permissions_boundary":null,"tags":null},"sensitive_values":{"inline_policy":[],"managed_policy_arns":[],"tags_all":{}}},{"address":"module.level1_lambda.module.level2_lambda.aws_lambda_function.this","mode":"managed","type":"aws_lambda_function","name":"this","provider_name":"registry.terraform.io/hashicorp/aws","schema_version":0,"values":{"code_signing_config_arn":null,"dead_letter_config":[],"description":null,"environment":[],"file_system_config":[],"filename":"HelloWorldFunction.zip","function_name":"level2_lambda_function","handler":"app.lambda_handler","image_config":[],"image_uri":null,"kms_key_arn":null,"layers":null,"memory_size":128,"package_type":"Zip","publish":false,"reserved_concurrent_executions":-1,"runtime":"python3.9","s3_bucket":null,"s3_key":null,"s3_object_version":null,"snap_start":[],"tags":null,"timeout":300,"timeouts":null,"vpc_config":[]},"sensitive_values":{"architectures":[],"dead_letter_config":[],"environment":[],"ephemeral_storage":[],"file_system_config":[],"image_config":[],"snap_start":[],"tags_all":{},"tracing_config":[],"vpc_config":[]}}],"address":"module.level1_lambda.module.level2_lambda"}]}]}},"resource_changes":[{"address":"aws_iam_role.iam_for_lambda","mode":"managed","type":"aws_iam_role","name":"iam_for_lambda","provider_name":"registry.terraform.io/hashicorp/aws","change":{"actions":["create"],"before":null,"after":{"assume_role_policy":"{\"Statement\":[{\"Action\":\"sts:AssumeRole\",\"Effect\":\"Allow\",\"Principal\":{\"Service\":\"lambda.amazonaws.com\"},\"Sid\":\"\"}],\"Version\":\"2012-10-17\"}","description":null,"force_detach_policies":false,"max_session_duration":3600,"name":"iam_for_lambda","path":"/","permissions_boundary":null,"tags":null},"after_unknown":{"arn":true,"create_date":true,"id":true,"inline_policy":true,"managed_policy_arns":true,"name_prefix":true,"tags_all":true,"unique_id":true},"before_sensitive":false,"after_sensitive":{"inline_policy":[],"managed_policy_arns":[],"tags_all":{}}}},{"address":"aws_lambda_function.remote_lambda_code","mode":"managed","type":"aws_lambda_function","name":"remote_lambda_code","provider_name":"registry.terraform.io/hashicorp/aws","change":{"actions":["create"],"before":null,"after":{"code_signing_config_arn":null,"dead_letter_config":[],"description":null,"environment":[],"file_system_config":[],"filename":null,"function_name":"s3_remote_lambda_function","handler":"app.lambda_handler","image_config":[],"image_uri":null,"kms_key_arn":null,"layers":null,"memory_size":128,"package_type":"Zip","publish":false,"reserved_concurrent_executions":-1,"runtime":"python3.9","s3_bucket":"lambda_code_bucket","s3_key":"remote_lambda_code_key","s3_object_version":null,"snap_start":[],"tags":null,"timeout":300,"timeouts":null,"vpc_config":[]},"after_unknown":{"architectures":true,"arn":true,"dead_letter_config":[],"environment":[],"ephemeral_storage":true,"file_system_config":[],"id":true,"image_config":[],"invoke_arn":true,"last_modified":true,"qualified_arn":true,"qualified_invoke_arn":true,"role":true,"signing_job_arn":true,"signing_profile_version_arn":true,"snap_start":[],"source_code_hash":true,"source_code_size":true,"tags_all":true,"tracing_config":true,"version":true,"vpc_config":[]},"before_sensitive":false,"after_sensitive":{"architectures":[],"dead_letter_config":[],"environment":[],"ephemeral_storage":[],"file_system_config":[],"image_config":[],"snap_start":[],"tags_all":{},"tracing_config":[],"vpc_config":[]}}},{"address":"aws_lambda_function.root_lambda","mode":"managed","type":"aws_lambda_function","name":"root_lambda","provider_name":"registry.terraform.io/hashicorp/aws","change":{"actions":["create"],"before":null,"after":{"code_signing_config_arn":null,"dead_letter_config":[],"description":null,"environment":[],"file_system_config":[],"filename":"HelloWorldFunction.zip","function_name":"root_lambda","handler":"app.lambda_handler","image_config":[],"image_uri":null,"kms_key_arn":null,"layers":null,"memory_size":128,"package_type":"Zip","publish":false,"reserved_concurrent_executions":-1,"runtime":"python3.9","s3_bucket":null,"s3_key":null,"s3_object_version":null,"snap_start":[],"tags":null,"timeout":300,"timeouts":null,"vpc_config":[]},"after_unknown":{"architectures":true,"arn":true,"dead_letter_config":[],"environment":[],"ephemeral_storage":true,"file_system_config":[],"id":true,"image_config":[],"invoke_arn":true,"last_modified":true,"qualified_arn":true,"qualified_invoke_arn":true,"role":true,"signing_job_arn":true,"signing_profile_version_arn":true,"snap_start":[],"source_code_hash":true,"source_code_size":true,"tags_all":true,"tracing_config":true,"version":true,"vpc_config":[]},"before_sensitive":false,"after_sensitive":{"architectures":[],"dead_letter_config":[],"environment":[],"ephemeral_storage":[],"file_system_config":[],"image_config":[],"snap_start":[],"tags_all":{},"tracing_config":[],"vpc_config":[]}}},{"address":"aws_lambda_function.s3_lambda","mode":"managed","type":"aws_lambda_function","name":"s3_lambda","provider_name":"registry.terraform.io/hashicorp/aws","change":{"actions":["create"],"before":null,"after":{"code_signing_config_arn":null,"dead_letter_config":[],"description":null,"environment":[],"file_system_config":[],"filename":null,"function_name":"s3_lambda_function","handler":"app.lambda_handler","image_config":[],"image_uri":null,"kms_key_arn":null,"layers":null,"memory_size":128,"package_type":"Zip","publish":false,"reserved_concurrent_executions":-1,"runtime":"python3.9","s3_bucket":"lambda_code_bucket","s3_key":"s3_lambda_code_key","s3_object_version":null,"snap_start":[],"tags":null,"timeout":500,"timeouts":null,"vpc_config":[]},"after_unknown":{"architectures":true,"arn":true,"dead_letter_config":[],"environment":[],"ephemeral_storage":true,"file_system_config":[],"id":true,"image_config":[],"invoke_arn":true,"last_modified":true,"qualified_arn":true,"qualified_invoke_arn":true,"role":true,"signing_job_arn":true,"signing_profile_version_arn":true,"snap_start":[],"source_code_hash":true,"source_code_size":true,"tags_all":true,"tracing_config":true,"version":true,"vpc_config":[]},"before_sensitive":false,"after_sensitive":{"architectures":[],"dead_letter_config":[],"environment":[],"ephemeral_storage":[],"file_system_config":[],"image_config":[],"snap_start":[],"tags_all":{},"tracing_config":[],"vpc_config":[]}}},{"address":"aws_s3_bucket.lambda_code_bucket","mode":"managed","type":"aws_s3_bucket","name":"lambda_code_bucket","provider_name":"registry.terraform.io/hashicorp/aws","change":{"actions":["create"],"before":null,"after":{"bucket":"lambda_code_bucket","bucket_prefix":null,"force_destroy":false,"tags":null,"timeouts":null},"after_unknown":{"acceleration_status":true,"acl":true,"arn":true,"bucket_domain_name":true,"bucket_regional_domain_name":true,"cors_rule":true,"grant":true,"hosted_zone_id":true,"id":true,"lifecycle_rule":true,"logging":true,"object_lock_configuration":true,"object_lock_enabled":true,"policy":true,"region":true,"replication_configuration":true,"request_payer":true,"server_side_encryption_configuration":true,"tags_all":true,"versioning":true,"website":true,"website_domain":true,"website_endpoint":true},"before_sensitive":false,"after_sensitive":{"cors_rule":[],"grant":[],"lifecycle_rule":[],"logging":[],"object_lock_configuration":[],"replication_configuration":[],"server_side_encryption_configuration":[],"tags_all":{},"versioning":[],"website":[]}}},{"address":"aws_s3_object.s3_lambda_code","mode":"managed","type":"aws_s3_object","name":"s3_lambda_code","provider_name":"registry.terraform.io/hashicorp/aws","change":{"actions":["create"],"before":null,"after":{"acl":"private","bucket":"lambda_code_bucket","cache_control":null,"content":null,"content_base64":null,"content_disposition":null,"content_encoding":null,"content_language":null,"force_destroy":false,"key":"s3_lambda_code_key","metadata":null,"object_lock_legal_hold_status":null,"object_lock_mode":null,"object_lock_retain_until_date":null,"source":"HelloWorldFunction.zip","source_hash":null,"tags":null,"website_redirect":null},"after_unknown":{"bucket_key_enabled":true,"content_type":true,"etag":true,"id":true,"kms_key_id":true,"server_side_encryption":true,"storage_class":true,"tags_all":true,"version_id":true},"before_sensitive":false,"after_sensitive":{"tags_all":{}}}},{"address":"module.level1_lambda.aws_iam_role.iam_for_lambda","module_address":"module.level1_lambda","mode":"managed","type":"aws_iam_role","name":"iam_for_lambda","provider_name":"registry.terraform.io/hashicorp/aws","change":{"actions":["create"],"before":null,"after":{"assume_role_policy":"{\"Statement\":[{\"Action\":\"sts:AssumeRole\",\"Effect\":\"Allow\",\"Principal\":{\"Service\":\"lambda.amazonaws.com\"},\"Sid\":\"\"}],\"Version\":\"2012-10-17\"}","description":null,"force_detach_policies":false,"max_session_duration":3600,"name":"iam_for_lambda","path":"/","permissions_boundary":null,"tags":null},"after_unknown":{"arn":true,"create_date":true,"id":true,"inline_policy":true,"managed_policy_arns":true,"name_prefix":true,"tags_all":true,"unique_id":true},"before_sensitive":false,"after_sensitive":{"inline_policy":[],"managed_policy_arns":[],"tags_all":{}}}},{"address":"module.level1_lambda.aws_lambda_function.this","module_address":"module.level1_lambda","mode":"managed","type":"aws_lambda_function","name":"this","provider_name":"registry.terraform.io/hashicorp/aws","change":{"actions":["create"],"before":null,"after":{"code_signing_config_arn":null,"dead_letter_config":[],"description":null,"environment":[],"file_system_config":[],"filename":"HelloWorldFunction.zip","function_name":"level1_lambda_function","handler":"app.lambda_handler","image_config":[],"image_uri":null,"kms_key_arn":null,"layers":null,"memory_size":128,"package_type":"Zip","publish":false,"reserved_concurrent_executions":-1,"runtime":"python3.9","s3_bucket":null,"s3_key":null,"s3_object_version":null,"snap_start":[],"tags":null,"timeout":300,"timeouts":null,"vpc_config":[]},"after_unknown":{"architectures":true,"arn":true,"dead_letter_config":[],"environment":[],"ephemeral_storage":true,"file_system_config":[],"id":true,"image_config":[],"invoke_arn":true,"last_modified":true,"qualified_arn":true,"qualified_invoke_arn":true,"role":true,"signing_job_arn":true,"signing_profile_version_arn":true,"snap_start":[],"source_code_hash":true,"source_code_size":true,"tags_all":true,"tracing_config":true,"version":true,"vpc_config":[]},"before_sensitive":false,"after_sensitive":{"architectures":[],"dead_letter_config":[],"environment":[],"ephemeral_storage":[],"file_system_config":[],"image_config":[],"snap_start":[],"tags_all":{},"tracing_config":[],"vpc_config":[]}}},{"address":"module.level1_lambda.module.level2_lambda.aws_iam_role.iam_for_lambda","module_address":"module.level1_lambda.module.level2_lambda","mode":"managed","type":"aws_iam_role","name":"iam_for_lambda","provider_name":"registry.terraform.io/hashicorp/aws","change":{"actions":["create"],"before":null,"after":{"assume_role_policy":"{\"Statement\":[{\"Action\":\"sts:AssumeRole\",\"Effect\":\"Allow\",\"Principal\":{\"Service\":\"lambda.amazonaws.com\"},\"Sid\":\"\"}],\"Version\":\"2012-10-17\"}","description":null,"force_detach_policies":false,"max_session_duration":3600,"name":"iam_for_lambda","path":"/","permissions_boundary":null,"tags":null},"after_unknown":{"arn":true,"create_date":true,"id":true,"inline_policy":true,"managed_policy_arns":true,"name_prefix":true,"tags_all":true,"unique_id":true},"before_sensitive":false,"after_sensitive":{"inline_policy":[],"managed_policy_arns":[],"tags_all":{}}}},{"address":"module.level1_lambda.module.level2_lambda.aws_lambda_function.this","module_address":"module.level1_lambda.module.level2_lambda","mode":"managed","type":"aws_lambda_function","name":"this","provider_name":"registry.terraform.io/hashicorp/aws","change":{"actions":["create"],"before":null,"after":{"code_signing_config_arn":null,"dead_letter_config":[],"description":null,"environment":[],"file_system_config":[],"filename":"HelloWorldFunction.zip","function_name":"level2_lambda_function","handler":"app.lambda_handler","image_config":[],"image_uri":null,"kms_key_arn":null,"layers":null,"memory_size":128,"package_type":"Zip","publish":false,"reserved_concurrent_executions":-1,"runtime":"python3.9","s3_bucket":null,"s3_key":null,"s3_object_version":null,"snap_start":[],"tags":null,"timeout":300,"timeouts":null,"vpc_config":[]},"after_unknown":{"architectures":true,"arn":true,"dead_letter_config":[],"environment":[],"ephemeral_storage":true,"file_system_config":[],"id":true,"image_config":[],"invoke_arn":true,"last_modified":true,"qualified_arn":true,"qualified_invoke_arn":true,"role":true,"signing_job_arn":true,"signing_profile_version_arn":true,"snap_start":[],"source_code_hash":true,"source_code_size":true,"tags_all":true,"tracing_config":true,"version":true,"vpc_config":[]},"before_sensitive":false,"after_sensitive":{"architectures":[],"dead_letter_config":[],"environment":[],"ephemeral_storage":[],"file_system_config":[],"image_config":[],"snap_start":[],"tags_all":{},"tracing_config":[],"vpc_config":[]}}}],"configuration":{"provider_config":{"aws":{"name":"aws","full_name":"registry.terraform.io/hashicorp/aws"}},"root_module":{"resources":[{"address":"aws_iam_role.iam_for_lambda","mode":"managed","type":"aws_iam_role","name":"iam_for_lambda","provider_config_key":"aws","expressions":{"assume_role_policy":{"constant_value":"{\n  \"Version\": \"2012-10-17\",\n  \"Statement\": [\n    {\n      \"Action\": \"sts:AssumeRole\",\n      \"Principal\": {\n        \"Service\": \"lambda.amazonaws.com\"\n      },\n      \"Effect\": \"Allow\",\n      \"Sid\": \"\"\n    }\n  ]\n}\n"},"name":{"constant_value":"iam_for_lambda"}},"schema_version":0},{"address":"aws_lambda_function.remote_lambda_code","mode":"managed","type":"aws_lambda_function","name":"remote_lambda_code","provider_config_key":"aws","expressions":{"function_name":{"constant_value":"s3_remote_lambda_function"},"handler":{"constant_value":"app.lambda_handler"},"role":{"references":["aws_iam_role.iam_for_lambda.arn","aws_iam_role.iam_for_lambda"]},"runtime":{"constant_value":"python3.9"},"s3_bucket":{"constant_value":"lambda_code_bucket"},"s3_key":{"constant_value":"remote_lambda_code_key"},"timeout":{"constant_value":300}},"schema_version":0},{"address":"aws_lambda_function.root_lambda","mode":"managed","type":"aws_lambda_function","name":"root_lambda","provider_config_key":"aws","expressions":{"filename":{"constant_value":"HelloWorldFunction.zip"},"function_name":{"constant_value":"root_lambda"},"handler":{"constant_value":"app.lambda_handler"},"role":{"references":["aws_iam_role.iam_for_lambda.arn","aws_iam_role.iam_for_lambda"]},"runtime":{"constant_value":"python3.9"},"timeout":{"constant_value":300}},"schema_version":0},{"address":"aws_lambda_function.s3_lambda","mode":"managed","type":"aws_lambda_function","name":"s3_lambda","provider_config_key":"aws","expressions":{"function_name":{"constant_value":"s3_lambda_function"},"handler":{"constant_value":"app.lambda_handler"},"role":{"references":["aws_iam_role.iam_for_lambda.arn","aws_iam_role.iam_for_lambda"]},"runtime":{"constant_value":"python3.9"},"s3_bucket":{"constant_value":"lambda_code_bucket"},"s3_key":{"constant_value":"s3_lambda_code_key"},"timeout":{"constant_value":500}},"schema_version":0},{"address":"aws_s3_bucket.lambda_code_bucket","mode":"managed","type":"aws_s3_bucket","name":"lambda_code_bucket","provider_config_key":"aws","expressions":{"bucket":{"constant_value":"lambda_code_bucket"}},"schema_version":0},{"address":"aws_s3_object.s3_lambda_code","mode":"managed","type":"aws_s3_object","name":"s3_lambda_code","provider_config_key":"aws","expressions":{"bucket":{"constant_value":"lambda_code_bucket"},"key":{"constant_value":"s3_lambda_code_key"},"source":{"constant_value":"HelloWorldFunction.zip"}},"schema_version":0}],"module_calls":{"level1_lambda":{"source":"./lambda","expressions":{"function_name":{"constant_value":"level1_lambda_function"},"handler":{"constant_value":"app.lambda_handler"},"source_code_path":{"constant_value":"HelloWorldFunction.zip"}},"module":{"resources":[{"address":"aws_iam_role.iam_for_lambda","mode":"managed","type":"aws_iam_role","name":"iam_for_lambda","provider_config_key":"aws","expressions":{"assume_role_policy":{"constant_value":"{\n  \"Version\": \"2012-10-17\",\n  \"Statement\": [\n    {\n      \"Action\": \"sts:AssumeRole\",\n      \"Principal\": {\n        \"Service\": \"lambda.amazonaws.com\"\n      },\n      \"Effect\": \"Allow\",\n      \"Sid\": \"\"\n    }\n  ]\n}\n"},"name":{"constant_value":"iam_for_lambda"}},"schema_version":0},{"address":"aws_lambda_function.this","mode":"managed","type":"aws_lambda_function","name":"this","provider_config_key":"aws","expressions":{"filename":{"references":["var.source_code_path"]},"function_name":{"references":["var.function_name"]},"handler":{"references":["var.handler"]},"role":{"references":["aws_iam_role.iam_for_lambda.arn","aws_iam_role.iam_for_lambda"]},"runtime":{"constant_value":"python3.9"},"timeout":{"constant_value":300}},"schema_version":0}],"module_calls":{"level2_lambda":{"source":"./lambda2","expressions":{"function_name":{"constant_value":"level2_lambda_function"},"handler":{"constant_value":"app.lambda_handler"},"source_code_path":{"constant_value":"HelloWorldFunction.zip"}},"module":{"resources":[{"address":"aws_iam_role.iam_for_lambda","mode":"managed","type":"aws_iam_role","name":"iam_for_lambda","provider_config_key":"aws","expressions":{"assume_role_policy":{"constant_value":"{\n  \"Version\": \"2012-10-17\",\n  \"Statement\": [\n    {\n      \"Action\": \"sts:AssumeRole\",\n      \"Principal\": {\n        \"Service\": \"lambda.amazonaws.com\"\n      },\n      \"Effect\": \"Allow\",\n      \"Sid\": \"\"\n    }\n  ]\n}\n"},"name":{"constant_value":"iam_for_lambda"}},"schema_version":0},{"address":"aws_lambda_function.this","mode":"managed","type":"aws_lambda_function","name":"this","provider_config_key":"aws","expressions":{"filename":{"references":["var.source_code_path"]},"function_name":{"references":["var.function_name"]},"handler":{"references":["var.handler"]},"role":{"references":["aws_iam_role.iam_for_lambda.arn","aws_iam_role.iam_for_lambda"]},"runtime":{"constant_value":"python3.9"},"timeout":{"constant_value":300}},"schema_version":0}],"variables":{"function_name":{},"handler":{},"source_code_path":{}}}}},"variables":{"function_name":{},"handler":{},"source_code_path":{}}}}}}},"relevant_attributes":[{"resource":"module.level1_lambda.module.level2_lambda.aws_iam_role.iam_for_lambda","attribute":["arn"]},{"resource":"aws_iam_role.iam_for_lambda","attribute":["arn"]},{"resource":"module.level1_lambda.aws_iam_role.iam_for_lambda","attribute":["arn"]}]}
