{"format_version":"1.1","terraform_version":"1.4.6","planned_values":{"root_module":{"resources":[{"address":"aws_api_gateway_deployment.MyDemoDeployment","mode":"managed","type":"aws_api_gateway_deployment","name":"MyDemoDeployment","provider_name":"registry.terraform.io/hashicorp/aws","schema_version":0,"values":{"description":null,"stage_description":null,"stage_name":null,"variables":null},"sensitive_values":{"triggers":{}}},{"address":"aws_api_gateway_integration.MyDemoIntegration","mode":"managed","type":"aws_api_gateway_integration","name":"MyDemoIntegration","provider_name":"registry.terraform.io/hashicorp/aws","schema_version":0,"values":{"cache_key_parameters":null,"connection_id":null,"connection_type":"INTERNET","content_handling":"CONVERT_TO_TEXT","credentials":null,"http_method":"GET","integration_http_method":"POST","request_parameters":null,"request_templates":null,"timeout_milliseconds":29000,"tls_config":[],"type":"AWS_PROXY"},"sensitive_values":{"tls_config":[]}},{"address":"aws_api_gateway_integration.MyDemoIntegrationMock","mode":"managed","type":"aws_api_gateway_integration","name":"MyDemoIntegrationMock","provider_name":"registry.terraform.io/hashicorp/aws","schema_version":0,"values":{"cache_key_parameters":null,"connection_id":null,"connection_type":"INTERNET","content_handling":null,"credentials":null,"http_method":"POST","integration_http_method":null,"request_parameters":null,"request_templates":null,"timeout_milliseconds":29000,"tls_config":[],"type":"MOCK","uri":null},"sensitive_values":{"tls_config":[]}},{"address":"aws_api_gateway_method.GetMethod","mode":"managed","type":"aws_api_gateway_method","name":"GetMethod","provider_name":"registry.terraform.io/hashicorp/aws","schema_version":0,"values":{"api_key_required":false,"authorization":"NONE","authorization_scopes":null,"authorizer_id":null,"http_method":"GET","operation_name":null,"request_models":null,"request_parameters":null,"request_validator_id":null},"sensitive_values":{}},{"address":"aws_api_gateway_method.PostMethod","mode":"managed","type":"aws_api_gateway_method","name":"PostMethod","provider_name":"registry.terraform.io/hashicorp/aws","schema_version":0,"values":{"api_key_required":false,"authorization":"NONE","authorization_scopes":null,"authorizer_id":null,"http_method":"POST","operation_name":null,"request_models":null,"request_parameters":null,"request_validator_id":null},"sensitive_values":{}},{"address":"aws_api_gateway_resource.MyDemoResource","mode":"managed","type":"aws_api_gateway_resource","name":"MyDemoResource","provider_name":"registry.terraform.io/hashicorp/aws","schema_version":0,"values":{"path_part":"hello"},"sensitive_values":{}},{"address":"aws_api_gateway_rest_api.MyDemoAPI","mode":"managed","type":"aws_api_gateway_rest_api","name":"MyDemoAPI","provider_name":"registry.terraform.io/hashicorp/aws","schema_version":0,"values":{"binary_media_types":["utf-8"],"body":null,"minimum_compression_size":-1,"name":"MyDemoAPI","parameters":null,"put_rest_api_mode":null,"tags":null},"sensitive_values":{"binary_media_types":[false],"endpoint_configuration":[],"tags_all":{}}},{"address":"aws_api_gateway_stage.MyDemoStage","mode":"managed","type":"aws_api_gateway_stage","name":"MyDemoStage","provider_name":"registry.terraform.io/hashicorp/aws","schema_version":0,"values":{"access_log_settings":[],"cache_cluster_enabled":null,"cache_cluster_size":null,"canary_settings":[],"client_certificate_id":null,"description":null,"documentation_version":null,"tags":null,"variables":null,"xray_tracing_enabled":null},"sensitive_values":{"access_log_settings":[],"canary_settings":[],"tags_all":{}}},{"address":"aws_iam_role.iam_for_lambda","mode":"managed","type":"aws_iam_role","name":"iam_for_lambda","provider_name":"registry.terraform.io/hashicorp/aws","schema_version":0,"values":{"assume_role_policy":"{\"Statement\":[{\"Action\":\"sts:AssumeRole\",\"Effect\":\"Allow\",\"Principal\":{\"Service\":\"lambda.amazonaws.com\"},\"Sid\":\"\"}],\"Version\":\"2012-10-17\"}","description":null,"force_detach_policies":false,"max_session_duration":3600,"path":"/","permissions_boundary":null,"tags":null},"sensitive_values":{"inline_policy":[],"managed_policy_arns":[],"tags_all":{}}},{"address":"aws_lambda_function.HelloWorldFunction","mode":"managed","type":"aws_lambda_function","name":"HelloWorldFunction","provider_name":"registry.terraform.io/hashicorp/aws","schema_version":0,"values":{"code_signing_config_arn":null,"dead_letter_config":[],"description":null,"environment":[],"file_system_config":[],"filename":null,"handler":"app.lambda_handler","image_config":[],"image_uri":null,"kms_key_arn":null,"memory_size":128,"package_type":"Zip","publish":false,"reserved_concurrent_executions":-1,"runtime":"python3.8","s3_key":"s3_lambda_code_key","s3_object_version":null,"snap_start":[],"tags":null,"timeout":500,"timeouts":null,"vpc_config":[]},"sensitive_values":{"architectures":[],"dead_letter_config":[],"environment":[],"ephemeral_storage":[],"file_system_config":[],"image_config":[],"layers":[],"snap_start":[],"tags_all":{},"tracing_config":[],"vpc_config":[]}},{"address":"aws_lambda_function.HelloWorldFunction2","mode":"managed","type":"aws_lambda_function","name":"HelloWorldFunction2","provider_name":"registry.terraform.io/hashicorp/aws","schema_version":0,"values":{"code_signing_config_arn":null,"dead_letter_config":[],"description":null,"environment":[],"file_system_config":[],"filename":null,"handler":"app.lambda_handler","image_config":[],"image_uri":null,"kms_key_arn":null,"layers":null,"memory_size":128,"package_type":"Zip","publish":false,"reserved_concurrent_executions":-1,"runtime":"python3.8","s3_key":"s3_lambda_code_key","s3_object_version":null,"snap_start":[],"tags":null,"timeout":500,"timeouts":null,"vpc_config":[]},"sensitive_values":{"architectures":[],"dead_letter_config":[],"environment":[],"ephemeral_storage":[],"file_system_config":[],"image_config":[],"snap_start":[],"tags_all":{},"tracing_config":[],"vpc_config":[]}},{"address":"aws_lambda_layer_version.MyAwesomeLayer","mode":"managed","type":"aws_lambda_layer_version","name":"MyAwesomeLayer","provider_name":"registry.terraform.io/hashicorp/aws","schema_version":0,"values":{"compatible_architectures":null,"compatible_runtimes":["python3.8"],"description":null,"filename":"HelloWorldFunction.zip","layer_name":"MyAwesomeLayer","license_info":null,"s3_bucket":null,"s3_key":null,"s3_object_version":null,"skip_destroy":false},"sensitive_values":{"compatible_runtimes":[false]}},{"address":"aws_s3_bucket.lambda_code_bucket","mode":"managed","type":"aws_s3_bucket","name":"lambda_code_bucket","provider_name":"registry.terraform.io/hashicorp/aws","schema_version":0,"values":{"bucket_prefix":null,"force_destroy":false,"tags":null,"timeouts":null},"sensitive_values":{"cors_rule":[],"grant":[],"lifecycle_rule":[],"logging":[],"object_lock_configuration":[],"replication_configuration":[],"server_side_encryption_configuration":[],"tags_all":{},"versioning":[],"website":[]}},{"address":"aws_s3_object.s3_lambda_code","mode":"managed","type":"aws_s3_object","name":"s3_lambda_code","provider_name":"registry.terraform.io/hashicorp/aws","schema_version":0,"values":{"acl":"private","cache_control":null,"content":null,"content_base64":null,"content_disposition":null,"content_encoding":null,"content_language":null,"force_destroy":false,"key":"s3_lambda_code_key","metadata":null,"object_lock_legal_hold_status":null,"object_lock_mode":null,"object_lock_retain_until_date":null,"source":"HelloWorldFunction.zip","source_hash":null,"tags":null,"website_redirect":null},"sensitive_values":{"tags_all":{}}},{"address":"random_uuid.unique_id","mode":"managed","type":"random_uuid","name":"unique_id","provider_name":"registry.terraform.io/hashicorp/random","schema_version":0,"values":{"keepers":{"my_key":"my_key"}},"sensitive_values":{"keepers":{}}}]}},"resource_changes":[{"address":"aws_api_gateway_deployment.MyDemoDeployment","mode":"managed","type":"aws_api_gateway_deployment","name":"MyDemoDeployment","provider_name":"registry.terraform.io/hashicorp/aws","change":{"actions":["create"],"before":null,"after":{"description":null,"stage_description":null,"stage_name":null,"variables":null},"after_unknown":{"created_date":true,"execution_arn":true,"id":true,"invoke_url":true,"rest_api_id":true,"triggers":true},"before_sensitive":false,"after_sensitive":{"triggers":{}}}},{"address":"aws_api_gateway_integration.MyDemoIntegration","mode":"managed","type":"aws_api_gateway_integration","name":"MyDemoIntegration","provider_name":"registry.terraform.io/hashicorp/aws","change":{"actions":["create"],"before":null,"after":{"cache_key_parameters":null,"connection_id":null,"connection_type":"INTERNET","content_handling":"CONVERT_TO_TEXT","credentials":null,"http_method":"GET","integration_http_method":"POST","request_parameters":null,"request_templates":null,"timeout_milliseconds":29000,"tls_config":[],"type":"AWS_PROXY"},"after_unknown":{"cache_namespace":true,"id":true,"passthrough_behavior":true,"resource_id":true,"rest_api_id":true,"tls_config":[],"uri":true},"before_sensitive":false,"after_sensitive":{"tls_config":[]}}},{"address":"aws_api_gateway_integration.MyDemoIntegrationMock","mode":"managed","type":"aws_api_gateway_integration","name":"MyDemoIntegrationMock","provider_name":"registry.terraform.io/hashicorp/aws","change":{"actions":["create"],"before":null,"after":{"cache_key_parameters":null,"connection_id":null,"connection_type":"INTERNET","content_handling":null,"credentials":null,"http_method":"POST","integration_http_method":null,"request_parameters":null,"request_templates":null,"timeout_milliseconds":29000,"tls_config":[],"type":"MOCK","uri":null},"after_unknown":{"cache_namespace":true,"id":true,"passthrough_behavior":true,"resource_id":true,"rest_api_id":true,"tls_config":[]},"before_sensitive":false,"after_sensitive":{"tls_config":[]}}},{"address":"aws_api_gateway_method.GetMethod","mode":"managed","type":"aws_api_gateway_method","name":"GetMethod","provider_name":"registry.terraform.io/hashicorp/aws","change":{"actions":["create"],"before":null,"after":{"api_key_required":false,"authorization":"NONE","authorization_scopes":null,"authorizer_id":null,"http_method":"GET","operation_name":null,"request_models":null,"request_parameters":null,"request_validator_id":null},"after_unknown":{"id":true,"resource_id":true,"rest_api_id":true},"before_sensitive":false,"after_sensitive":{}}},{"address":"aws_api_gateway_method.PostMethod","mode":"managed","type":"aws_api_gateway_method","name":"PostMethod","provider_name":"registry.terraform.io/hashicorp/aws","change":{"actions":["create"],"before":null,"after":{"api_key_required":false,"authorization":"NONE","authorization_scopes":null,"authorizer_id":null,"http_method":"POST","operation_name":null,"request_models":null,"request_parameters":null,"request_validator_id":null},"after_unknown":{"id":true,"resource_id":true,"rest_api_id":true},"before_sensitive":false,"after_sensitive":{}}},{"address":"aws_api_gateway_resource.MyDemoResource","mode":"managed","type":"aws_api_gateway_resource","name":"MyDemoResource","provider_name":"registry.terraform.io/hashicorp/aws","change":{"actions":["create"],"before":null,"after":{"path_part":"hello"},"after_unknown":{"id":true,"parent_id":true,"path":true,"rest_api_id":true},"before_sensitive":false,"after_sensitive":{}}},{"address":"aws_api_gateway_rest_api.MyDemoAPI","mode":"managed","type":"aws_api_gateway_rest_api","name":"MyDemoAPI","provider_name":"registry.terraform.io/hashicorp/aws","change":{"actions":["create"],"before":null,"after":{"binary_media_types":["utf-8"],"body":null,"minimum_compression_size":-1,"name":"MyDemoAPI","parameters":null,"put_rest_api_mode":null,"tags":null},"after_unknown":{"api_key_source":true,"arn":true,"binary_media_types":[false],"created_date":true,"description":true,"disable_execute_api_endpoint":true,"endpoint_configuration":true,"execution_arn":true,"id":true,"policy":true,"root_resource_id":true,"tags_all":true},"before_sensitive":false,"after_sensitive":{"binary_media_types":[false],"endpoint_configuration":[],"tags_all":{}}}},{"address":"aws_api_gateway_stage.MyDemoStage","mode":"managed","type":"aws_api_gateway_stage","name":"MyDemoStage","provider_name":"registry.terraform.io/hashicorp/aws","change":{"actions":["create"],"before":null,"after":{"access_log_settings":[],"cache_cluster_enabled":null,"cache_cluster_size":null,"canary_settings":[],"client_certificate_id":null,"description":null,"documentation_version":null,"tags":null,"variables":null,"xray_tracing_enabled":null},"after_unknown":{"access_log_settings":[],"arn":true,"canary_settings":[],"deployment_id":true,"execution_arn":true,"id":true,"invoke_url":true,"rest_api_id":true,"stage_name":true,"tags_all":true,"web_acl_arn":true},"before_sensitive":false,"after_sensitive":{"access_log_settings":[],"canary_settings":[],"tags_all":{}}}},{"address":"aws_iam_role.iam_for_lambda","mode":"managed","type":"aws_iam_role","name":"iam_for_lambda","provider_name":"registry.terraform.io/hashicorp/aws","change":{"actions":["create"],"before":null,"after":{"assume_role_policy":"{\"Statement\":[{\"Action\":\"sts:AssumeRole\",\"Effect\":\"Allow\",\"Principal\":{\"Service\":\"lambda.amazonaws.com\"},\"Sid\":\"\"}],\"Version\":\"2012-10-17\"}","description":null,"force_detach_policies":false,"max_session_duration":3600,"path":"/","permissions_boundary":null,"tags":null},"after_unknown":{"arn":true,"create_date":true,"id":true,"inline_policy":true,"managed_policy_arns":true,"name":true,"name_prefix":true,"tags_all":true,"unique_id":true},"before_sensitive":false,"after_sensitive":{"inline_policy":[],"managed_policy_arns":[],"tags_all":{}}}},{"address":"aws_lambda_function.HelloWorldFunction","mode":"managed","type":"aws_lambda_function","name":"HelloWorldFunction","provider_name":"registry.terraform.io/hashicorp/aws","change":{"actions":["create"],"before":null,"after":{"code_signing_config_arn":null,"dead_letter_config":[],"description":null,"environment":[],"file_system_config":[],"filename":null,"handler":"app.lambda_handler","image_config":[],"image_uri":null,"kms_key_arn":null,"memory_size":128,"package_type":"Zip","publish":false,"reserved_concurrent_executions":-1,"runtime":"python3.8","s3_key":"s3_lambda_code_key","s3_object_version":null,"snap_start":[],"tags":null,"timeout":500,"timeouts":null,"vpc_config":[]},"after_unknown":{"architectures":true,"arn":true,"dead_letter_config":[],"environment":[],"ephemeral_storage":true,"file_system_config":[],"function_name":true,"id":true,"image_config":[],"invoke_arn":true,"last_modified":true,"layers":true,"qualified_arn":true,"qualified_invoke_arn":true,"role":true,"s3_bucket":true,"signing_job_arn":true,"signing_profile_version_arn":true,"snap_start":[],"source_code_hash":true,"source_code_size":true,"tags_all":true,"tracing_config":true,"version":true,"vpc_config":[]},"before_sensitive":false,"after_sensitive":{"architectures":[],"dead_letter_config":[],"environment":[],"ephemeral_storage":[],"file_system_config":[],"image_config":[],"layers":[],"snap_start":[],"tags_all":{},"tracing_config":[],"vpc_config":[]}}},{"address":"aws_lambda_function.HelloWorldFunction2","mode":"managed","type":"aws_lambda_function","name":"HelloWorldFunction2","provider_name":"registry.terraform.io/hashicorp/aws","change":{"actions":["create"],"before":null,"after":{"code_signing_config_arn":null,"dead_letter_config":[],"description":null,"environment":[],"file_system_config":[],"filename":null,"handler":"app.lambda_handler","image_config":[],"image_uri":null,"kms_key_arn":null,"layers":null,"memory_size":128,"package_type":"Zip","publish":false,"reserved_concurrent_executions":-1,"runtime":"python3.8","s3_key":"s3_lambda_code_key","s3_object_version":null,"snap_start":[],"tags":null,"timeout":500,"timeouts":null,"vpc_config":[]},"after_unknown":{"architectures":true,"arn":true,"dead_letter_config":[],"environment":[],"ephemeral_storage":true,"file_system_config":[],"function_name":true,"id":true,"image_config":[],"invoke_arn":true,"last_modified":true,"qualified_arn":true,"qualified_invoke_arn":true,"role":true,"s3_bucket":true,"signing_job_arn":true,"signing_profile_version_arn":true,"snap_start":[],"source_code_hash":true,"source_code_size":true,"tags_all":true,"tracing_config":true,"version":true,"vpc_config":[]},"before_sensitive":false,"after_sensitive":{"architectures":[],"dead_letter_config":[],"environment":[],"ephemeral_storage":[],"file_system_config":[],"image_config":[],"snap_start":[],"tags_all":{},"tracing_config":[],"vpc_config":[]}}},{"address":"aws_lambda_layer_version.MyAwesomeLayer","mode":"managed","type":"aws_lambda_layer_version","name":"MyAwesomeLayer","provider_name":"registry.terraform.io/hashicorp/aws","change":{"actions":["create"],"before":null,"after":{"compatible_architectures":null,"compatible_runtimes":["python3.8"],"description":null,"filename":"HelloWorldFunction.zip","layer_name":"MyAwesomeLayer","license_info":null,"s3_bucket":null,"s3_key":null,"s3_object_version":null,"skip_destroy":false},"after_unknown":{"arn":true,"compatible_runtimes":[false],"created_date":true,"id":true,"layer_arn":true,"signing_job_arn":true,"signing_profile_version_arn":true,"source_code_hash":true,"source_code_size":true,"version":true},"before_sensitive":false,"after_sensitive":{"compatible_runtimes":[false]}}},{"address":"aws_s3_bucket.lambda_code_bucket","mode":"managed","type":"aws_s3_bucket","name":"lambda_code_bucket","provider_name":"registry.terraform.io/hashicorp/aws","change":{"actions":["create"],"before":null,"after":{"bucket_prefix":null,"force_destroy":false,"tags":null,"timeouts":null},"after_unknown":{"acceleration_status":true,"acl":true,"arn":true,"bucket":true,"bucket_domain_name":true,"bucket_regional_domain_name":true,"cors_rule":true,"grant":true,"hosted_zone_id":true,"id":true,"lifecycle_rule":true,"logging":true,"object_lock_configuration":true,"object_lock_enabled":true,"policy":true,"region":true,"replication_configuration":true,"request_payer":true,"server_side_encryption_configuration":true,"tags_all":true,"versioning":true,"website":true,"website_domain":true,"website_endpoint":true},"before_sensitive":false,"after_sensitive":{"cors_rule":[],"grant":[],"lifecycle_rule":[],"logging":[],"object_lock_configuration":[],"replication_configuration":[],"server_side_encryption_configuration":[],"tags_all":{},"versioning":[],"website":[]}}},{"address":"aws_s3_object.s3_lambda_code","mode":"managed","type":"aws_s3_object","name":"s3_lambda_code","provider_name":"registry.terraform.io/hashicorp/aws","change":{"actions":["create"],"before":null,"after":{"acl":"private","cache_control":null,"content":null,"content_base64":null,"content_disposition":null,"content_encoding":null,"content_language":null,"force_destroy":false,"key":"s3_lambda_code_key","metadata":null,"object_lock_legal_hold_status":null,"object_lock_mode":null,"object_lock_retain_until_date":null,"source":"HelloWorldFunction.zip","source_hash":null,"tags":null,"website_redirect":null},"after_unknown":{"bucket":true,"bucket_key_enabled":true,"content_type":true,"etag":true,"id":true,"kms_key_id":true,"server_side_encryption":true,"storage_class":true,"tags_all":true,"version_id":true},"before_sensitive":false,"after_sensitive":{"tags_all":{}}}},{"address":"random_uuid.unique_id","mode":"managed","type":"random_uuid","name":"unique_id","provider_name":"registry.terraform.io/hashicorp/random","change":{"actions":["create"],"before":null,"after":{"keepers":{"my_key":"my_key"}},"after_unknown":{"id":true,"keepers":{},"result":true},"before_sensitive":false,"after_sensitive":{"keepers":{}}}}],"configuration":{"provider_config":{"aws":{"name":"aws","full_name":"registry.terraform.io/hashicorp/aws"},"random":{"name":"random","full_name":"registry.terraform.io/hashicorp/random"}},"root_module":{"resources":[{"address":"aws_api_gateway_deployment.MyDemoDeployment","mode":"managed","type":"aws_api_gateway_deployment","name":"MyDemoDeployment","provider_config_key":"aws","expressions":{"rest_api_id":{"references":["aws_api_gateway_rest_api.MyDemoAPI.id","aws_api_gateway_rest_api.MyDemoAPI"]},"triggers":{"references":["aws_api_gateway_resource.MyDemoResource.id","aws_api_gateway_resource.MyDemoResource","aws_api_gateway_method.GetMethod.http_method","aws_api_gateway_method.GetMethod","aws_api_gateway_integration.MyDemoIntegration.id","aws_api_gateway_integration.MyDemoIntegration"]}},"schema_version":0},{"address":"aws_api_gateway_integration.MyDemoIntegration","mode":"managed","type":"aws_api_gateway_integration","name":"MyDemoIntegration","provider_config_key":"aws","expressions":{"content_handling":{"constant_value":"CONVERT_TO_TEXT"},"http_method":{"references":["aws_api_gateway_method.GetMethod.http_method","aws_api_gateway_method.GetMethod"]},"integration_http_method":{"constant_value":"POST"},"resource_id":{"references":["aws_api_gateway_resource.MyDemoResource.id","aws_api_gateway_resource.MyDemoResource"]},"rest_api_id":{"references":["aws_api_gateway_rest_api.MyDemoAPI.id","aws_api_gateway_rest_api.MyDemoAPI"]},"type":{"constant_value":"AWS_PROXY"},"uri":{"references":["aws_lambda_function.HelloWorldFunction.invoke_arn","aws_lambda_function.HelloWorldFunction"]}},"schema_version":0,"depends_on":["aws_api_gateway_method.GetMethod"]},{"address":"aws_api_gateway_integration.MyDemoIntegrationMock","mode":"managed","type":"aws_api_gateway_integration","name":"MyDemoIntegrationMock","provider_config_key":"aws","expressions":{"http_method":{"references":["aws_api_gateway_method.PostMethod.http_method","aws_api_gateway_method.PostMethod"]},"resource_id":{"references":["aws_api_gateway_resource.MyDemoResource.id","aws_api_gateway_resource.MyDemoResource"]},"rest_api_id":{"references":["aws_api_gateway_rest_api.MyDemoAPI.id","aws_api_gateway_rest_api.MyDemoAPI"]},"type":{"constant_value":"MOCK"}},"schema_version":0},{"address":"aws_api_gateway_method.GetMethod","mode":"managed","type":"aws_api_gateway_method","name":"GetMethod","provider_config_key":"aws","expressions":{"authorization":{"constant_value":"NONE"},"http_method":{"constant_value":"GET"},"resource_id":{"references":["aws_api_gateway_resource.MyDemoResource.id","aws_api_gateway_resource.MyDemoResource"]},"rest_api_id":{"references":["aws_api_gateway_rest_api.MyDemoAPI.id","aws_api_gateway_rest_api.MyDemoAPI"]}},"schema_version":0},{"address":"aws_api_gateway_method.PostMethod","mode":"managed","type":"aws_api_gateway_method","name":"PostMethod","provider_config_key":"aws","expressions":{"authorization":{"constant_value":"NONE"},"http_method":{"constant_value":"POST"},"resource_id":{"references":["aws_api_gateway_resource.MyDemoResource.id","aws_api_gateway_resource.MyDemoResource"]},"rest_api_id":{"references":["aws_api_gateway_rest_api.MyDemoAPI.id","aws_api_gateway_rest_api.MyDemoAPI"]}},"schema_version":0},{"address":"aws_api_gateway_resource.MyDemoResource","mode":"managed","type":"aws_api_gateway_resource","name":"MyDemoResource","provider_config_key":"aws","expressions":{"parent_id":{"references":["aws_api_gateway_rest_api.MyDemoAPI.root_resource_id","aws_api_gateway_rest_api.MyDemoAPI"]},"path_part":{"constant_value":"hello"},"rest_api_id":{"references":["aws_api_gateway_rest_api.MyDemoAPI.id","aws_api_gateway_rest_api.MyDemoAPI"]}},"schema_version":0},{"address":"aws_api_gateway_rest_api.MyDemoAPI","mode":"managed","type":"aws_api_gateway_rest_api","name":"MyDemoAPI","provider_config_key":"aws","expressions":{"binary_media_types":{"constant_value":["utf-8"]},"name":{"constant_value":"MyDemoAPI"}},"schema_version":0},{"address":"aws_api_gateway_stage.MyDemoStage","mode":"managed","type":"aws_api_gateway_stage","name":"MyDemoStage","provider_config_key":"aws","expressions":{"deployment_id":{"references":["aws_api_gateway_deployment.MyDemoDeployment.id","aws_api_gateway_deployment.MyDemoDeployment"]},"rest_api_id":{"references":["aws_api_gateway_rest_api.MyDemoAPI.id","aws_api_gateway_rest_api.MyDemoAPI"]},"stage_name":{"references":["random_uuid.unique_id.result","random_uuid.unique_id"]}},"schema_version":0},{"address":"aws_iam_role.iam_for_lambda","mode":"managed","type":"aws_iam_role","name":"iam_for_lambda","provider_config_key":"aws","expressions":{"assume_role_policy":{"constant_value":"{\n  \"Version\": \"2012-10-17\",\n  \"Statement\": [\n    {\n      \"Action\": \"sts:AssumeRole\",\n      \"Principal\": {\n        \"Service\": \"lambda.amazonaws.com\"\n      },\n      \"Effect\": \"Allow\",\n      \"Sid\": \"\"\n    }\n  ]\n}\n"},"name":{"references":["random_uuid.unique_id.result","random_uuid.unique_id"]}},"schema_version":0},{"address":"aws_lambda_function.HelloWorldFunction","mode":"managed","type":"aws_lambda_function","name":"HelloWorldFunction","provider_config_key":"aws","expressions":{"function_name":{"references":["random_uuid.unique_id.result","random_uuid.unique_id"]},"handler":{"constant_value":"app.lambda_handler"},"layers":{"references":["aws_lambda_layer_version.MyAwesomeLayer.arn","aws_lambda_layer_version.MyAwesomeLayer"]},"role":{"references":["aws_iam_role.iam_for_lambda.arn","aws_iam_role.iam_for_lambda"]},"runtime":{"constant_value":"python3.8"},"s3_bucket":{"references":["random_uuid.unique_id.result","random_uuid.unique_id"]},"s3_key":{"constant_value":"s3_lambda_code_key"},"timeout":{"constant_value":500}},"schema_version":0,"depends_on":["aws_s3_object.s3_lambda_code"]},{"address":"aws_lambda_function.HelloWorldFunction2","mode":"managed","type":"aws_lambda_function","name":"HelloWorldFunction2","provider_config_key":"aws","expressions":{"function_name":{"references":["random_uuid.unique_id.result","random_uuid.unique_id"]},"handler":{"constant_value":"app.lambda_handler"},"role":{"references":["aws_iam_role.iam_for_lambda.arn","aws_iam_role.iam_for_lambda"]},"runtime":{"constant_value":"python3.8"},"s3_bucket":{"references":["random_uuid.unique_id.result","random_uuid.unique_id"]},"s3_key":{"constant_value":"s3_lambda_code_key"},"timeout":{"constant_value":500}},"schema_version":0,"depends_on":["aws_s3_object.s3_lambda_code"]},{"address":"aws_lambda_layer_version.MyAwesomeLayer","mode":"managed","type":"aws_lambda_layer_version","name":"MyAwesomeLayer","provider_config_key":"aws","expressions":{"compatible_runtimes":{"constant_value":["python3.8"]},"filename":{"constant_value":"HelloWorldFunction.zip"},"layer_name":{"constant_value":"MyAwesomeLayer"}},"schema_version":0},{"address":"aws_s3_bucket.lambda_code_bucket","mode":"managed","type":"aws_s3_bucket","name":"lambda_code_bucket","provider_config_key":"aws","expressions":{"bucket":{"references":["random_uuid.unique_id.result","random_uuid.unique_id"]}},"schema_version":0},{"address":"aws_s3_object.s3_lambda_code","mode":"managed","type":"aws_s3_object","name":"s3_lambda_code","provider_config_key":"aws","expressions":{"bucket":{"references":["random_uuid.unique_id.result","random_uuid.unique_id"]},"key":{"constant_value":"s3_lambda_code_key"},"source":{"constant_value":"HelloWorldFunction.zip"}},"schema_version":0,"depends_on":["aws_s3_bucket.lambda_code_bucket"]},{"address":"random_uuid.unique_id","mode":"managed","type":"random_uuid","name":"unique_id","provider_config_key":"random","expressions":{"keepers":{"constant_value":{"my_key":"my_key"}}},"schema_version":0}]}},"relevant_attributes":[{"resource":"aws_lambda_layer_version.MyAwesomeLayer","attribute":["arn"]},{"resource":"aws_api_gateway_rest_api.MyDemoAPI","attribute":["id"]},{"resource":"aws_api_gateway_rest_api.MyDemoAPI","attribute":["root_resource_id"]},{"resource":"aws_api_gateway_resource.MyDemoResource","attribute":["id"]},{"resource":"aws_lambda_function.HelloWorldFunction","attribute":["invoke_arn"]},{"resource":"aws_api_gateway_method.GetMethod","attribute":["http_method"]},{"resource":"aws_api_gateway_integration.MyDemoIntegration","attribute":["id"]},{"resource":"aws_api_gateway_deployment.MyDemoDeployment","attribute":["id"]},{"resource":"random_uuid.unique_id","attribute":["result"]},{"resource":"aws_api_gateway_method.PostMethod","attribute":["http_method"]},{"resource":"aws_iam_role.iam_for_lambda","attribute":["arn"]}]}
